// !$*UTF8*$!
{
	archiveVersion = 1;
	classes = {
	};
	objectVersion = 52;
	objects = {

/* Begin PBXBuildFile section */
		300D33CF24E82F7E00B2CA19 /* AppDelegate.swift in Sources */ = {isa = PBXBuildFile; fileRef = 300D33CE24E82F7E00B2CA19 /* AppDelegate.swift */; };
		300D33D124E82F7E00B2CA19 /* ContentView.swift in Sources */ = {isa = PBXBuildFile; fileRef = 300D33D024E82F7E00B2CA19 /* ContentView.swift */; };
		300D33D324E82F7F00B2CA19 /* Assets.xcassets in Resources */ = {isa = PBXBuildFile; fileRef = 300D33D224E82F7F00B2CA19 /* Assets.xcassets */; };
		300D33D624E82F7F00B2CA19 /* Preview Assets.xcassets in Resources */ = {isa = PBXBuildFile; fileRef = 300D33D524E82F7F00B2CA19 /* Preview Assets.xcassets */; };
		300D33D924E82F7F00B2CA19 /* Main.storyboard in Resources */ = {isa = PBXBuildFile; fileRef = 300D33D724E82F7F00B2CA19 /* Main.storyboard */; };
		300D33E324E82FC100B2CA19 /* EonilFSEvents in Frameworks */ = {isa = PBXBuildFile; productRef = 300D33E224E82FC100B2CA19 /* EonilFSEvents */; };
/* End PBXBuildFile section */

/* Begin PBXFileReference section */
		300D33CB24E82F7D00B2CA19 /* FSWatch.app */ = {isa = PBXFileReference; explicitFileType = wrapper.application; includeInIndex = 0; path = FSWatch.app; sourceTree = BUILT_PRODUCTS_DIR; };
		300D33CE24E82F7E00B2CA19 /* AppDelegate.swift */ = {isa = PBXFileReference; lastKnownFileType = sourcecode.swift; path = AppDelegate.swift; sourceTree = "<group>"; };
		300D33D024E82F7E00B2CA19 /* ContentView.swift */ = {isa = PBXFileReference; lastKnownFileType = sourcecode.swift; path = ContentView.swift; sourceTree = "<group>"; };
		300D33D224E82F7F00B2CA19 /* Assets.xcassets */ = {isa = PBXFileReference; lastKnownFileType = folder.assetcatalog; path = Assets.xcassets; sourceTree = "<group>"; };
		300D33D524E82F7F00B2CA19 /* Preview Assets.xcassets */ = {isa = PBXFileReference; lastKnownFileType = folder.assetcatalog; path = "Preview Assets.xcassets"; sourceTree = "<group>"; };
		300D33D824E82F7F00B2CA19 /* Base */ = {isa = PBXFileReference; lastKnownFileType = file.storyboard; name = Base; path = Base.lproj/Main.storyboard; sourceTree = "<group>"; };
		300D33DA24E82F7F00B2CA19 /* Info.plist */ = {isa = PBXFileReference; lastKnownFileType = text.plist.xml; path = Info.plist; sourceTree = "<group>"; };
		300D33DB24E82F7F00B2CA19 /* FSWatch.entitlements */ = {isa = PBXFileReference; lastKnownFileType = text.plist.entitlements; path = FSWatch.entitlements; sourceTree = "<group>"; };
/* End PBXFileReference section */

/* Begin PBXFrameworksBuildPhase section */
		300D33C824E82F7D00B2CA19 /* Frameworks */ = {
			isa = PBXFrameworksBuildPhase;
			buildActionMask = 2147483647;
			files = (
				300D33E324E82FC100B2CA19 /* EonilFSEvents in Frameworks */,
			);
			runOnlyForDeploymentPostprocessing = 0;
		};
/* End PBXFrameworksBuildPhase section */

/* Begin PBXGroup section */
		300D33C224E82F7D00B2CA19 = {
			isa = PBXGroup;
			children = (
				300D33CD24E82F7D00B2CA19 /* FSWatch */,
				300D33CC24E82F7D00B2CA19 /* Products */,
			);
			sourceTree = "<group>";
		};
		300D33CC24E82F7D00B2CA19 /* Products */ = {
			isa = PBXGroup;
			children = (
				300D33CB24E82F7D00B2CA19 /* FSWatch.app */,
			);
			name = Products;
			sourceTree = "<group>";
		};
		300D33CD24E82F7D00B2CA19 /* FSWatch */ = {
			isa = PBXGroup;
			children = (
				300D33CE24E82F7E00B2CA19 /* AppDelegate.swift */,
				300D33D024E82F7E00B2CA19 /* ContentView.swift */,
				300D33D224E82F7F00B2CA19 /* Assets.xcassets */,
				300D33D724E82F7F00B2CA19 /* Main.storyboard */,
				300D33DA24E82F7F00B2CA19 /* Info.plist */,
				300D33DB24E82F7F00B2CA19 /* FSWatch.entitlements */,
				300D33D424E82F7F00B2CA19 /* Preview Content */,
			);
			path = FSWatch;
			sourceTree = "<group>";
		};
		300D33D424E82F7F00B2CA19 /* Preview Content */ = {
			isa = PBXGroup;
			children = (
				300D33D524E82F7F00B2CA19 /* Preview Assets.xcassets */,
			);
			path = "Preview Content";
			sourceTree = "<group>";
		};
/* End PBXGroup section */

/* Begin PBXNativeTarget section */
		300D33CA24E82F7D00B2CA19 /* FSWatch */ = {
			isa = PBXNativeTarget;
			buildConfigurationList = 300D33DE24E82F7F00B2CA19 /* Build configuration list for PBXNativeTarget "FSWatch" */;
			buildPhases = (
				300D33C724E82F7D00B2CA19 /* Sources */,
				300D33C824E82F7D00B2CA19 /* Frameworks */,
				300D33C924E82F7D00B2CA19 /* Resources */,
			);
			buildRules = (
			);
			dependencies = (
			);
			name = FSWatch;
			packageProductDependencies = (
				300D33E224E82FC100B2CA19 /* EonilFSEvents */,
			);
			productName = FSWatch;
			productReference = 300D33CB24E82F7D00B2CA19 /* FSWatch.app */;
			productType = "com.apple.product-type.application";
		};
/* End PBXNativeTarget section */

/* Begin PBXProject section */
		300D33C324E82F7D00B2CA19 /* Project object */ = {
			isa = PBXProject;
			attributes = {
				LastSwiftUpdateCheck = 1200;
				LastUpgradeCheck = 1200;
				TargetAttributes = {
					300D33CA24E82F7D00B2CA19 = {
						CreatedOnToolsVersion = 12.0;
					};
				};
			};
			buildConfigurationList = 300D33C624E82F7D00B2CA19 /* Build configuration list for PBXProject "FSWatch" */;
			compatibilityVersion = "Xcode 9.3";
			developmentRegion = en;
			hasScannedForEncodings = 0;
			knownRegions = (
				en,
				Base,
			);
			mainGroup = 300D33C224E82F7D00B2CA19;
			packageReferences = (
				300D33E124E82FC100B2CA19 /* XCRemoteSwiftPackageReference "FSEvents" */,
			);
			productRefGroup = 300D33CC24E82F7D00B2CA19 /* Products */;
			projectDirPath = "";
			projectRoot = "";
			targets = (
				300D33CA24E82F7D00B2CA19 /* FSWatch */,
			);
		};
/* End PBXProject section */

/* Begin PBXResourcesBuildPhase section */
		300D33C924E82F7D00B2CA19 /* Resources */ = {
			isa = PBXResourcesBuildPhase;
			buildActionMask = 2147483647;
			files = (
				300D33D924E82F7F00B2CA19 /* Main.storyboard in Resources */,
				300D33D624E82F7F00B2CA19 /* Preview Assets.xcassets in Resources */,
				300D33D324E82F7F00B2CA19 /* Assets.xcassets in Resources */,
			);
			runOnlyForDeploymentPostprocessing = 0;
		};
/* End PBXResourcesBuildPhase section */

/* Begin PBXSourcesBuildPhase section */
		300D33C724E82F7D00B2CA19 /* Sources */ = {
			isa = PBXSourcesBuildPhase;
			buildActionMask = 2147483647;
			files = (
				300D33D124E82F7E00B2CA19 /* ContentView.swift in Sources */,
				300D33CF24E82F7E00B2CA19 /* AppDelegate.swift in Sources */,
			);
			runOnlyForDeploymentPostprocessing = 0;
		};
/* End PBXSourcesBuildPhase section */

/* Begin PBXVariantGroup section */
		300D33D724E82F7F00B2CA19 /* Main.storyboard */ = {
			isa = PBXVariantGroup;
			children = (
				300D33D824E82F7F00B2CA19 /* Base */,
			);
			name = Main.storyboard;
			sourceTree = "<group>";
		};
/* End PBXVariantGroup section */

/* Begin XCBuildConfiguration section */
		300D33DC24E82F7F00B2CA19 /* Debug */ = {
			isa = XCBuildConfiguration;
			buildSettings = {
				ALWAYS_SEARCH_USER_PATHS = NO;
				CLANG_ANALYZER_NONNULL = YES;
				CLANG_ANALYZER_NUMBER_OBJECT_CONVERSION = YES_AGGRESSIVE;
				CLANG_CXX_LANGUAGE_STANDARD = "gnu++14";
				CLANG_CXX_LIBRARY = "libc++";
				CLANG_ENABLE_MODULES = YES;
				CLANG_ENABLE_OBJC_ARC = YES;
				CLANG_ENABLE_OBJC_WEAK = YES;
				CLANG_WARN_BLOCK_CAPTURE_AUTORELEASING = YES;
				CLANG_WARN_BOOL_CONVERSION = YES;
				CLANG_WARN_COMMA = YES;
				CLANG_WARN_CONSTANT_CONVERSION = YES;
				CLANG_WARN_DEPRECATED_OBJC_IMPLEMENTATIONS = YES;
				CLANG_WARN_DIRECT_OBJC_ISA_USAGE = YES_ERROR;
				CLANG_WARN_DOCUMENTATION_COMMENTS = YES;
				CLANG_WARN_EMPTY_BODY = YES;
				CLANG_WARN_ENUM_CONVERSION = YES;
				CLANG_WARN_INFINITE_RECURSION = YES;
				CLANG_WARN_INT_CONVERSION = YES;
				CLANG_WARN_NON_LITERAL_NULL_CONVERSION = YES;
				CLANG_WARN_OBJC_IMPLICIT_RETAIN_SELF = YES;
				CLANG_WARN_OBJC_LITERAL_CONVERSION = YES;
				CLANG_WARN_OBJC_ROOT_CLASS = YES_ERROR;
				CLANG_WARN_QUOTED_INCLUDE_IN_FRAMEWORK_HEADER = YES;
				CLANG_WARN_RANGE_LOOP_ANALYSIS = YES;
				CLANG_WARN_STRICT_PROTOTYPES = YES;
				CLANG_WARN_SUSPICIOUS_MOVE = YES;
				CLANG_WARN_UNGUARDED_AVAILABILITY = YES_AGGRESSIVE;
				CLANG_WARN_UNREACHABLE_CODE = YES;
				CLANG_WARN__DUPLICATE_METHOD_MATCH = YES;
				COPY_PHASE_STRIP = NO;
				DEBUG_INFORMATION_FORMAT = dwarf;
				ENABLE_STRICT_OBJC_MSGSEND = YES;
				ENABLE_TESTABILITY = YES;
				GCC_C_LANGUAGE_STANDARD = gnu11;
				GCC_DYNAMIC_NO_PIC = NO;
				GCC_NO_COMMON_BLOCKS = YES;
				GCC_OPTIMIZATION_LEVEL = 0;
				GCC_PREPROCESSOR_DEFINITIONS = (
					"DEBUG=1",
					"$(inherited)",
				);
				GCC_WARN_64_TO_32_BIT_CONVERSION = YES;
				GCC_WARN_ABOUT_RETURN_TYPE = YES_ERROR;
				GCC_WARN_UNDECLARED_SELECTOR = YES;
				GCC_WARN_UNINITIALIZED_AUTOS = YES_AGGRESSIVE;
				GCC_WARN_UNUSED_FUNCTION = YES;
				GCC_WARN_UNUSED_VARIABLE = YES;
				MACOSX_DEPLOYMENT_TARGET = 11.0;
				MTL_ENABLE_DEBUG_INFO = INCLUDE_SOURCE;
				MTL_FAST_MATH = YES;
				ONLY_ACTIVE_ARCH = YES;
				SDKROOT = macosx;
				SWIFT_ACTIVE_COMPILATION_CONDITIONS = DEBUG;
				SWIFT_OPTIMIZATION_LEVEL = "-Onone";
			};
			name = Debug;
		};
		300D33DD24E82F7F00B2CA19 /* Release */ = {
			isa = XCBuildConfiguration;
			buildSettings = {
				ALWAYS_SEARCH_USER_PATHS = NO;
				CLANG_ANALYZER_NONNULL = YES;
				CLANG_ANALYZER_NUMBER_OBJECT_CONVERSION = YES_AGGRESSIVE;
				CLANG_CXX_LANGUAGE_STANDARD = "gnu++14";
				CLANG_CXX_LIBRARY = "libc++";
				CLANG_ENABLE_MODULES = YES;
				CLANG_ENABLE_OBJC_ARC = YES;
				CLANG_ENABLE_OBJC_WEAK = YES;
				CLANG_WARN_BLOCK_CAPTURE_AUTORELEASING = YES;
				CLANG_WARN_BOOL_CONVERSION = YES;
				CLANG_WARN_COMMA = YES;
				CLANG_WARN_CONSTANT_CONVERSION = YES;
				CLANG_WARN_DEPRECATED_OBJC_IMPLEMENTATIONS = YES;
				CLANG_WARN_DIRECT_OBJC_ISA_USAGE = YES_ERROR;
				CLANG_WARN_DOCUMENTATION_COMMENTS = YES;
				CLANG_WARN_EMPTY_BODY = YES;
				CLANG_WARN_ENUM_CONVERSION = YES;
				CLANG_WARN_INFINITE_RECURSION = YES;
				CLANG_WARN_INT_CONVERSION = YES;
				CLANG_WARN_NON_LITERAL_NULL_CONVERSION = YES;
				CLANG_WARN_OBJC_IMPLICIT_RETAIN_SELF = YES;
				CLANG_WARN_OBJC_LITERAL_CONVERSION = YES;
				CLANG_WARN_OBJC_ROOT_CLASS = YES_ERROR;
				CLANG_WARN_QUOTED_INCLUDE_IN_FRAMEWORK_HEADER = YES;
				CLANG_WARN_RANGE_LOOP_ANALYSIS = YES;
				CLANG_WARN_STRICT_PROTOTYPES = YES;
				CLANG_WARN_SUSPICIOUS_MOVE = YES;
				CLANG_WARN_UNGUARDED_AVAILABILITY = YES_AGGRESSIVE;
				CLANG_WARN_UNREACHABLE_CODE = YES;
				CLANG_WARN__DUPLICATE_METHOD_MATCH = YES;
				COPY_PHASE_STRIP = NO;
				DEBUG_INFORMATION_FORMAT = "dwarf-with-dsym";
				ENABLE_NS_ASSERTIONS = NO;
				ENABLE_STRICT_OBJC_MSGSEND = YES;
				GCC_C_LANGUAGE_STANDARD = gnu11;
				GCC_NO_COMMON_BLOCKS = YES;
				GCC_WARN_64_TO_32_BIT_CONVERSION = YES;
				GCC_WARN_ABOUT_RETURN_TYPE = YES_ERROR;
				GCC_WARN_UNDECLARED_SELECTOR = YES;
				GCC_WARN_UNINITIALIZED_AUTOS = YES_AGGRESSIVE;
				GCC_WARN_UNUSED_FUNCTION = YES;
				GCC_WARN_UNUSED_VARIABLE = YES;
				MACOSX_DEPLOYMENT_TARGET = 11.0;
				MTL_ENABLE_DEBUG_INFO = NO;
				MTL_FAST_MATH = YES;
				SDKROOT = macosx;
				SWIFT_COMPILATION_MODE = wholemodule;
				SWIFT_OPTIMIZATION_LEVEL = "-O";
			};
			name = Release;
		};
		300D33DF24E82F7F00B2CA19 /* Debug */ = {
			isa = XCBuildConfiguration;
			buildSettings = {
				ASSETCATALOG_COMPILER_APPICON_NAME = AppIcon;
				ASSETCATALOG_COMPILER_GLOBAL_ACCENT_COLOR_NAME = AccentColor;
				CODE_SIGN_ENTITLEMENTS = FSWatch/FSWatch.entitlements;
				CODE_SIGN_STYLE = Automatic;
				COMBINE_HIDPI_IMAGES = YES;
				DEVELOPMENT_ASSET_PATHS = "\"FSWatch/Preview Content\"";
				DEVELOPMENT_TEAM = 8XW7BT47E9;
				ENABLE_HARDENED_RUNTIME = YES;
				ENABLE_PREVIEWS = YES;
				INFOPLIST_FILE = FSWatch/Info.plist;
				LD_RUNPATH_SEARCH_PATHS = (
					"$(inherited)",
					"@executable_path/../Frameworks",
				);
				MACOSX_DEPLOYMENT_TARGET = 10.15;
				PRODUCT_BUNDLE_IDENTIFIER = io.indxr.testing.FSWatch;
				PRODUCT_NAME = "$(TARGET_NAME)";
				SWIFT_VERSION = 5.0;
			};
			name = Debug;
		};
		300D33E024E82F7F00B2CA19 /* Release */ = {
			isa = XCBuildConfiguration;
			buildSettings = {
				ASSETCATALOG_COMPILER_APPICON_NAME = AppIcon;
				ASSETCATALOG_COMPILER_GLOBAL_ACCENT_COLOR_NAME = AccentColor;
				CODE_SIGN_ENTITLEMENTS = FSWatch/FSWatch.entitlements;
				CODE_SIGN_STYLE = Automatic;
				COMBINE_HIDPI_IMAGES = YES;
				DEVELOPMENT_ASSET_PATHS = "\"FSWatch/Preview Content\"";
				DEVELOPMENT_TEAM = 8XW7BT47E9;
				ENABLE_HARDENED_RUNTIME = YES;
				ENABLE_PREVIEWS = YES;
				INFOPLIST_FILE = FSWatch/Info.plist;
				LD_RUNPATH_SEARCH_PATHS = (
					"$(inherited)",
					"@executable_path/../Frameworks",
				);
				MACOSX_DEPLOYMENT_TARGET = 10.15;
				PRODUCT_BUNDLE_IDENTIFIER = io.indxr.testing.FSWatch;
				PRODUCT_NAME = "$(TARGET_NAME)";
				SWIFT_VERSION = 5.0;
			};
			name = Release;
		};
/* End XCBuildConfiguration section */

/* Begin XCConfigurationList section */
		300D33C624E82F7D00B2CA19 /* Build configuration list for PBXProject "FSWatch" */ = {
			isa = XCConfigurationList;
			buildConfigurations = (
				300D33DC24E82F7F00B2CA19 /* Debug */,
				300D33DD24E82F7F00B2CA19 /* Release */,
			);
			defaultConfigurationIsVisible = 0;
			defaultConfigurationName = Release;
		};
		300D33DE24E82F7F00B2CA19 /* Build configuration list for PBXNativeTarget "FSWatch" */ = {
			isa = XCConfigurationList;
			buildConfigurations = (
				300D33DF24E82F7F00B2CA19 /* Debug */,
				300D33E024E82F7F00B2CA19 /* Release */,
			);
			defaultConfigurationIsVisible = 0;
			defaultConfigurationName = Release;
		};
/* End XCConfigurationList section */

/* Begin XCRemoteSwiftPackageReference section */
		300D33E124E82FC100B2CA19 /* XCRemoteSwiftPackageReference "FSEvents" */ = {
			isa = XCRemoteSwiftPackageReference;
			repositoryURL = "https://github.com/eonil/FSEvents";
			requirement = {
				kind = upToNextMajorVersion;
				minimumVersion = 0.1.7;
			};
		};
/* End XCRemoteSwiftPackageReference section */

/* Begin XCSwiftPackageProductDependency section */
		300D33E224E82FC100B2CA19 /* EonilFSEvents */ = {
			isa = XCSwiftPackageProductDependency;
			package = 300D33E124E82FC100B2CA19 /* XCRemoteSwiftPackageReference "FSEvents" */;
			productName = EonilFSEvents;
		};
/* End XCSwiftPackageProductDependency section */
	};
	rootObject = 300D33C324E82F7D00B2CA19 /* Project object */;
}
